
Microsoft Visual Studio Solution File, Format Version 12.00
# Visual Studio Version 17
VisualStudioVersion = 17.3.32804.467
MinimumVisualStudioVersion = 10.0.40219.1
Project("{FAE04EC0-301F-11D3-BF4B-00C04F79EFBC}") = "nova herança", "nova herança.csproj", "{CD0C8136-EAFD-480D-B99C-7EE9D23D4644}"
EndProject
Global
	GlobalSection(SolutionConfigurationPlatforms) = preSolution
		Debug|Any CPU = Debug|Any CPU
		Release|Any CPU = Release|Any CPU
	EndGlobalSection
	GlobalSection(ProjectConfigurationPlatforms) = postSolution
		{CD0C8136-EAFD-480D-B99C-7EE9D23D4644}.Debug|Any CPU.ActiveCfg = Debug|Any CPU
		{CD0C8136-EAFD-480D-B99C-7EE9D23D4644}.Debug|Any CPU.Build.0 = Debug|Any CPU
		{CD0C8136-EAFD-480D-B99C-7EE9D23D4644}.Release|Any CPU.ActiveCfg = Release|Any CPU
		{CD0C8136-EAFD-480D-B99C-7EE9D23D4644}.Release|Any CPU.Build.0 = Release|Any CPU
	EndGlobalSection
	GlobalSection(SolutionProperties) = preSolution
		HideSolutionNode = FALSE
	EndGlobalSection
	GlobalSection(ExtensibilityGlobals) = postSolution
		SolutionGuid = {610801EA-D8F0-47C3-ABBD-C544B9071BD2}
	EndGlobalSection
EndGlobal
